
Microsoft Visual Studio Solution File, Format Version 12.00
# Visual Studio Version 16
VisualStudioVersion = 16.0.30223.230
MinimumVisualStudioVersion = 10.0.40219.1
Project("{2150E333-8FDC-42A3-9474-1A3956D46DE8}") = "Doc", "Doc", "{7C8012D5-B37C-47D1-A467-E1E4B81F6254}"
EndProject
Project("{2150E333-8FDC-42A3-9474-1A3956D46DE8}") = "Src", "Src", "{3060A8AB-8944-4A50-BF44-BB63AD4FD45F}"
EndProject
Project("{2150E333-8FDC-42A3-9474-1A3956D46DE8}") = "Test", "Test", "{8FF9237A-7B7A-4FEC-9EC7-F4F0333871F2}"
EndProject
Project("{2150E333-8FDC-42A3-9474-1A3956D46DE8}") = "Core", "Core", "{587E65FD-E88D-4030-86CC-486C47F20CD3}"
EndProject
Project("{2150E333-8FDC-42A3-9474-1A3956D46DE8}") = "Infra", "Infra", "{15348FC7-A722-43EB-A1FE-5EBF2CEE1D86}"
EndProject
Project("{2150E333-8FDC-42A3-9474-1A3956D46DE8}") = "Common", "Common", "{3AB48C5B-CC93-45A4-AA71-292494DD25A5}"
EndProject
Project("{2150E333-8FDC-42A3-9474-1A3956D46DE8}") = "EndPoint", "EndPoint", "{730917CB-60F3-4CB7-8369-10E460C4157B}"
EndProject
Project("{9A19103F-16F7-4668-BE54-9A1E7A4F7556}") = "Sude.Persistence", "Sude.Persistence\Sude.Persistence.csproj", "{C657989C-C61E-46B6-8DB0-69846BF7486D}"
EndProject
Project("{9A19103F-16F7-4668-BE54-9A1E7A4F7556}") = "Sude.IoC", "Sude.IoC\Sude.IoC.csproj", "{029FB763-B980-4298-81B8-918BDCDC6D10}"
EndProject
Project("{9A19103F-16F7-4668-BE54-9A1E7A4F7556}") = "Sude.Web.UI", "Sude.Web.UI\Sude.Web.UI.csproj", "{2FCD0DC8-7188-4B7E-B618-2DD167F15F6C}"
EndProject
Project("{9A19103F-16F7-4668-BE54-9A1E7A4F7556}") = "Sude.Common", "Sude.Common\Sude.Common.csproj", "{051DC56B-A38D-4372-94B9-A482D2E0B006}"
EndProject
Project("{9A19103F-16F7-4668-BE54-9A1E7A4F7556}") = "Sude.Domain", "Sude.Domain\Sude.Domain.csproj", "{E3ED0063-61D9-4519-B0F0-323D45BB5D74}"
EndProject
Project("{9A19103F-16F7-4668-BE54-9A1E7A4F7556}") = "Sude.Application", "Sude.Application\Sude.Application.csproj", "{40C7C834-86C2-4FF9-9F66-DCDFAC7AC8F0}"
EndProject
Project("{9A19103F-16F7-4668-BE54-9A1E7A4F7556}") = "Sude.Api", "Sude.Api\Sude.Api.csproj", "{BDC435F4-321E-49C8-BC0E-10B115C87865}"
EndProject
Project("{9A19103F-16F7-4668-BE54-9A1E7A4F7556}") = "Sude.Dto", "Sude.Dto\Sude.Dto.csproj", "{886A8866-A9E6-4C7F-8E9D-327D7D58AB24}"
EndProject
Project("{9A19103F-16F7-4668-BE54-9A1E7A4F7556}") = "Sude.Mvc.UI", "Sude.Mvc.UI\Sude.Mvc.UI.csproj", "{A65180BB-1FE1-4937-9D4C-617643CD6E5F}"
EndProject
Global
	GlobalSection(SolutionConfigurationPlatforms) = preSolution
		Debug|Any CPU = Debug|Any CPU
		Release|Any CPU = Release|Any CPU
	EndGlobalSection
	GlobalSection(ProjectConfigurationPlatforms) = postSolution
		{C657989C-C61E-46B6-8DB0-69846BF7486D}.Debug|Any CPU.ActiveCfg = Debug|Any CPU
		{C657989C-C61E-46B6-8DB0-69846BF7486D}.Debug|Any CPU.Build.0 = Debug|Any CPU
		{C657989C-C61E-46B6-8DB0-69846BF7486D}.Release|Any CPU.ActiveCfg = Release|Any CPU
		{C657989C-C61E-46B6-8DB0-69846BF7486D}.Release|Any CPU.Build.0 = Release|Any CPU
		{029FB763-B980-4298-81B8-918BDCDC6D10}.Debug|Any CPU.ActiveCfg = Debug|Any CPU
		{029FB763-B980-4298-81B8-918BDCDC6D10}.Debug|Any CPU.Build.0 = Debug|Any CPU
		{029FB763-B980-4298-81B8-918BDCDC6D10}.Release|Any CPU.ActiveCfg = Release|Any CPU
		{029FB763-B980-4298-81B8-918BDCDC6D10}.Release|Any CPU.Build.0 = Release|Any CPU
		{2FCD0DC8-7188-4B7E-B618-2DD167F15F6C}.Debug|Any CPU.ActiveCfg = Debug|Any CPU
		{2FCD0DC8-7188-4B7E-B618-2DD167F15F6C}.Debug|Any CPU.Build.0 = Debug|Any CPU
		{2FCD0DC8-7188-4B7E-B618-2DD167F15F6C}.Release|Any CPU.ActiveCfg = Release|Any CPU
		{2FCD0DC8-7188-4B7E-B618-2DD167F15F6C}.Release|Any CPU.Build.0 = Release|Any CPU
		{051DC56B-A38D-4372-94B9-A482D2E0B006}.Debug|Any CPU.ActiveCfg = Debug|Any CPU
		{051DC56B-A38D-4372-94B9-A482D2E0B006}.Debug|Any CPU.Build.0 = Debug|Any CPU
		{051DC56B-A38D-4372-94B9-A482D2E0B006}.Release|Any CPU.ActiveCfg = Release|Any CPU
		{051DC56B-A38D-4372-94B9-A482D2E0B006}.Release|Any CPU.Build.0 = Release|Any CPU
		{E3ED0063-61D9-4519-B0F0-323D45BB5D74}.Debug|Any CPU.ActiveCfg = Debug|Any CPU
		{E3ED0063-61D9-4519-B0F0-323D45BB5D74}.Debug|Any CPU.Build.0 = Debug|Any CPU
		{E3ED0063-61D9-4519-B0F0-323D45BB5D74}.Release|Any CPU.ActiveCfg = Release|Any CPU
		{E3ED0063-61D9-4519-B0F0-323D45BB5D74}.Release|Any CPU.Build.0 = Release|Any CPU
		{40C7C834-86C2-4FF9-9F66-DCDFAC7AC8F0}.Debug|Any CPU.ActiveCfg = Debug|Any CPU
		{40C7C834-86C2-4FF9-9F66-DCDFAC7AC8F0}.Debug|Any CPU.Build.0 = Debug|Any CPU
		{40C7C834-86C2-4FF9-9F66-DCDFAC7AC8F0}.Release|Any CPU.ActiveCfg = Release|Any CPU
		{40C7C834-86C2-4FF9-9F66-DCDFAC7AC8F0}.Release|Any CPU.Build.0 = Release|Any CPU
		{BDC435F4-321E-49C8-BC0E-10B115C87865}.Debug|Any CPU.ActiveCfg = Debug|Any CPU
		{BDC435F4-321E-49C8-BC0E-10B115C87865}.Debug|Any CPU.Build.0 = Debug|Any CPU
		{BDC435F4-321E-49C8-BC0E-10B115C87865}.Release|Any CPU.ActiveCfg = Release|Any CPU
		{BDC435F4-321E-49C8-BC0E-10B115C87865}.Release|Any CPU.Build.0 = Release|Any CPU
		{886A8866-A9E6-4C7F-8E9D-327D7D58AB24}.Debug|Any CPU.ActiveCfg = Debug|Any CPU
		{886A8866-A9E6-4C7F-8E9D-327D7D58AB24}.Debug|Any CPU.Build.0 = Debug|Any CPU
		{886A8866-A9E6-4C7F-8E9D-327D7D58AB24}.Release|Any CPU.ActiveCfg = Release|Any CPU
		{886A8866-A9E6-4C7F-8E9D-327D7D58AB24}.Release|Any CPU.Build.0 = Release|Any CPU
		{A65180BB-1FE1-4937-9D4C-617643CD6E5F}.Debug|Any CPU.ActiveCfg = Debug|Any CPU
		{A65180BB-1FE1-4937-9D4C-617643CD6E5F}.Debug|Any CPU.Build.0 = Debug|Any CPU
		{A65180BB-1FE1-4937-9D4C-617643CD6E5F}.Release|Any CPU.ActiveCfg = Release|Any CPU
		{A65180BB-1FE1-4937-9D4C-617643CD6E5F}.Release|Any CPU.Build.0 = Release|Any CPU
	EndGlobalSection
	GlobalSection(SolutionProperties) = preSolution
		HideSolutionNode = FALSE
	EndGlobalSection
	GlobalSection(NestedProjects) = preSolution
		{587E65FD-E88D-4030-86CC-486C47F20CD3} = {3060A8AB-8944-4A50-BF44-BB63AD4FD45F}
		{15348FC7-A722-43EB-A1FE-5EBF2CEE1D86} = {3060A8AB-8944-4A50-BF44-BB63AD4FD45F}
		{3AB48C5B-CC93-45A4-AA71-292494DD25A5} = {3060A8AB-8944-4A50-BF44-BB63AD4FD45F}
		{730917CB-60F3-4CB7-8369-10E460C4157B} = {3060A8AB-8944-4A50-BF44-BB63AD4FD45F}
		{C657989C-C61E-46B6-8DB0-69846BF7486D} = {15348FC7-A722-43EB-A1FE-5EBF2CEE1D86}
		{029FB763-B980-4298-81B8-918BDCDC6D10} = {15348FC7-A722-43EB-A1FE-5EBF2CEE1D86}
		{2FCD0DC8-7188-4B7E-B618-2DD167F15F6C} = {730917CB-60F3-4CB7-8369-10E460C4157B}
		{051DC56B-A38D-4372-94B9-A482D2E0B006} = {3AB48C5B-CC93-45A4-AA71-292494DD25A5}
		{E3ED0063-61D9-4519-B0F0-323D45BB5D74} = {587E65FD-E88D-4030-86CC-486C47F20CD3}
		{40C7C834-86C2-4FF9-9F66-DCDFAC7AC8F0} = {587E65FD-E88D-4030-86CC-486C47F20CD3}
		{BDC435F4-321E-49C8-BC0E-10B115C87865} = {730917CB-60F3-4CB7-8369-10E460C4157B}
		{886A8866-A9E6-4C7F-8E9D-327D7D58AB24} = {3AB48C5B-CC93-45A4-AA71-292494DD25A5}
		{A65180BB-1FE1-4937-9D4C-617643CD6E5F} = {730917CB-60F3-4CB7-8369-10E460C4157B}
	EndGlobalSection
	GlobalSection(ExtensibilityGlobals) = postSolution
		SolutionGuid = {002332E8-CFD9-48CF-91E5-D894A231D3F5}
	EndGlobalSection
EndGlobal
